{
    "_meta": {
        "hash": {
            "sha256": "628fb615e8b8cdbd982db3e15c14ed30f8050a1e5b3dcd35ecd21b8b71ab32f5"
        },
        "pipfile-spec": 6,
        "requires": {
            "python_version": "3.13"
        },
        "sources": [
            {
                "name": "pypi",
                "url": "https://pypi.org/simple",
                "verify_ssl": true
            }
        ]
    },
    "default": {
        "libsass": {
            "hashes": [
                "sha256:31e86d92a5c7a551df844b72d83fc2b5e50abc6fbbb31e296f7bebd6489ed1b4",
                "sha256:34cae047cbbfc4ffa832a61cbb110f3c95f5471c6170c842d3fed161e40814dc",
                "sha256:4a218406d605f325d234e4678bd57126a66a88841cb95bee2caeafdc6f138306",
                "sha256:6f209955ede26684e76912caf329f4ccb57e4a043fd77fe0e7348dd9574f1880",
                "sha256:a2ec85d819f353cbe807432d7275d653710d12b08ec7ef61c124a580a8352f3c",
                "sha256:ea97d1b45cdc2fc3590cb9d7b60f1d8915d3ce17a98c1f2d4dd47ee0d9c68ce6"
            ],
            "index": "pypi",
            "markers": "python_version >= '3.8'",
            "version": "==0.23.0"
        }
    },
    "develop": {}
}
